
Microsoft Visual Studio Solution File, Format Version 12.00
# Visual Studio 15
VisualStudioVersion = 15.0.28010.2041
MinimumVisualStudioVersion = 10.0.40219.1
Project("{FAE04EC0-301F-11D3-BF4B-00C04F79EFBC}") = "InsaneR", "InsaneR\InsaneR.csproj", "{91615C1F-ED9A-4A14-9DD2-2BE2FA604DAA}"
EndProject
Global
	GlobalSection(SolutionConfigurationPlatforms) = preSolution
		Debug|Any CPU = Debug|Any CPU
		Release|Any CPU = Release|Any CPU
	EndGlobalSection
	GlobalSection(ProjectConfigurationPlatforms) = postSolution
		{91615C1F-ED9A-4A14-9DD2-2BE2FA604DAA}.Debug|Any CPU.ActiveCfg = Debug|Any CPU
		{91615C1F-ED9A-4A14-9DD2-2BE2FA604DAA}.Debug|Any CPU.Build.0 = Debug|Any CPU
		{91615C1F-ED9A-4A14-9DD2-2BE2FA604DAA}.Release|Any CPU.ActiveCfg = Release|Any CPU
		{91615C1F-ED9A-4A14-9DD2-2BE2FA604DAA}.Release|Any CPU.Build.0 = Release|Any CPU
	EndGlobalSection
	GlobalSection(SolutionProperties) = preSolution
		HideSolutionNode = FALSE
	EndGlobalSection
	GlobalSection(ExtensibilityGlobals) = postSolution
		SolutionGuid = {5C2A346A-E0B8-4145-A686-255D46503D9D}
	EndGlobalSection
EndGlobal
